
Microsoft Visual Studio Solution File, Format Version 12.00
# Visual Studio Version 17
VisualStudioVersion = 17.11.35222.181
MinimumVisualStudioVersion = 10.0.40219.1
Project("{FAE04EC0-301F-11D3-BF4B-00C04F79EFBC}") = "Labs1", "Labs1.csproj", "{260380F3-6B97-49E8-BF56-FE95FCB54ADE}"
EndProject
Global
	GlobalSection(SolutionConfigurationPlatforms) = preSolution
		Debug|Any CPU = Debug|Any CPU
		Release|Any CPU = Release|Any CPU
	EndGlobalSection
	GlobalSection(ProjectConfigurationPlatforms) = postSolution
		{260380F3-6B97-49E8-BF56-FE95FCB54ADE}.Debug|Any CPU.ActiveCfg = Debug|Any CPU
		{260380F3-6B97-49E8-BF56-FE95FCB54ADE}.Debug|Any CPU.Build.0 = Debug|Any CPU
		{260380F3-6B97-49E8-BF56-FE95FCB54ADE}.Release|Any CPU.ActiveCfg = Release|Any CPU
		{260380F3-6B97-49E8-BF56-FE95FCB54ADE}.Release|Any CPU.Build.0 = Release|Any CPU
	EndGlobalSection
	GlobalSection(SolutionProperties) = preSolution
		HideSolutionNode = FALSE
	EndGlobalSection
	GlobalSection(ExtensibilityGlobals) = postSolution
		SolutionGuid = {50C1A0A8-ECF9-4F4B-A55B-0083E3C4FF59}
	EndGlobalSection
EndGlobal
